
Microsoft Visual Studio Solution File, Format Version 12.00
# Visual Studio Version 17
VisualStudioVersion = 17.14.36518.9
MinimumVisualStudioVersion = 10.0.40219.1
Project("{FAE04EC0-301F-11D3-BF4B-00C04F79EFBC}") = "MyOrderProjectAPI", "MyOrderProjectAPI\MyOrderProjectAPI.csproj", "{9716B385-2695-4C9C-AB70-C539FD1EF6FD}"
EndProject
Project("{FAE04EC0-301F-11D3-BF4B-00C04F79EFBC}") = "MyOrderProjectAPI.Tests", "MyOrderProjectAPI.Tests\MyOrderProjectAPI.Tests.csproj", "{6DDDD5A8-691E-4498-B6D8-1312CA649C73}"
EndProject
Global
	GlobalSection(SolutionConfigurationPlatforms) = preSolution
		Debug|Any CPU = Debug|Any CPU
		Debug|x64 = Debug|x64
		Debug|x86 = Debug|x86
		Release|Any CPU = Release|Any CPU
		Release|x64 = Release|x64
		Release|x86 = Release|x86
	EndGlobalSection
	GlobalSection(ProjectConfigurationPlatforms) = postSolution
		{9716B385-2695-4C9C-AB70-C539FD1EF6FD}.Debug|Any CPU.ActiveCfg = Debug|Any CPU
		{9716B385-2695-4C9C-AB70-C539FD1EF6FD}.Debug|Any CPU.Build.0 = Debug|Any CPU
		{9716B385-2695-4C9C-AB70-C539FD1EF6FD}.Debug|x64.ActiveCfg = Debug|Any CPU
		{9716B385-2695-4C9C-AB70-C539FD1EF6FD}.Debug|x64.Build.0 = Debug|Any CPU
		{9716B385-2695-4C9C-AB70-C539FD1EF6FD}.Debug|x86.ActiveCfg = Debug|Any CPU
		{9716B385-2695-4C9C-AB70-C539FD1EF6FD}.Debug|x86.Build.0 = Debug|Any CPU
		{9716B385-2695-4C9C-AB70-C539FD1EF6FD}.Release|Any CPU.ActiveCfg = Release|Any CPU
		{9716B385-2695-4C9C-AB70-C539FD1EF6FD}.Release|Any CPU.Build.0 = Release|Any CPU
		{9716B385-2695-4C9C-AB70-C539FD1EF6FD}.Release|x64.ActiveCfg = Release|Any CPU
		{9716B385-2695-4C9C-AB70-C539FD1EF6FD}.Release|x64.Build.0 = Release|Any CPU
		{9716B385-2695-4C9C-AB70-C539FD1EF6FD}.Release|x86.ActiveCfg = Release|Any CPU
		{9716B385-2695-4C9C-AB70-C539FD1EF6FD}.Release|x86.Build.0 = Release|Any CPU
		{6DDDD5A8-691E-4498-B6D8-1312CA649C73}.Debug|Any CPU.ActiveCfg = Debug|Any CPU
		{6DDDD5A8-691E-4498-B6D8-1312CA649C73}.Debug|Any CPU.Build.0 = Debug|Any CPU
		{6DDDD5A8-691E-4498-B6D8-1312CA649C73}.Debug|x64.ActiveCfg = Debug|Any CPU
		{6DDDD5A8-691E-4498-B6D8-1312CA649C73}.Debug|x64.Build.0 = Debug|Any CPU
		{6DDDD5A8-691E-4498-B6D8-1312CA649C73}.Debug|x86.ActiveCfg = Debug|Any CPU
		{6DDDD5A8-691E-4498-B6D8-1312CA649C73}.Debug|x86.Build.0 = Debug|Any CPU
		{6DDDD5A8-691E-4498-B6D8-1312CA649C73}.Release|Any CPU.ActiveCfg = Release|Any CPU
		{6DDDD5A8-691E-4498-B6D8-1312CA649C73}.Release|Any CPU.Build.0 = Release|Any CPU
		{6DDDD5A8-691E-4498-B6D8-1312CA649C73}.Release|x64.ActiveCfg = Release|Any CPU
		{6DDDD5A8-691E-4498-B6D8-1312CA649C73}.Release|x64.Build.0 = Release|Any CPU
		{6DDDD5A8-691E-4498-B6D8-1312CA649C73}.Release|x86.ActiveCfg = Release|Any CPU
		{6DDDD5A8-691E-4498-B6D8-1312CA649C73}.Release|x86.Build.0 = Release|Any CPU
	EndGlobalSection
	GlobalSection(SolutionProperties) = preSolution
		HideSolutionNode = FALSE
	EndGlobalSection
	GlobalSection(ExtensibilityGlobals) = postSolution
		SolutionGuid = {D0ED44CA-85A7-4BCC-9339-B26A7125E18F}
	EndGlobalSection
EndGlobal
